// !$*UTF8*$!
{
	archiveVersion = 1;
	classes = {
	};
	objectVersion = 50;
	objects = {

/* Begin PBXBuildFile section */
		0755C1DC263A29A9002209FD /* ViewController.swift in Sources */ = {isa = PBXBuildFile; fileRef = 07D8149D26361DE8003F51DB /* ViewController.swift */; };
		0755C1DE263A29A9002209FD /* AppDelegate.swift in Sources */ = {isa = PBXBuildFile; fileRef = 07D8149926361DE8003F51DB /* AppDelegate.swift */; };
		0755C200263B5D0B002209FD /* Drops.framework in Frameworks */ = {isa = PBXBuildFile; fileRef = 07D8146D26361DB7003F51DB /* Drops.framework */; };
		0755C201263B5D0B002209FD /* Drops.framework in Embed Frameworks */ = {isa = PBXBuildFile; fileRef = 07D8146D26361DB7003F51DB /* Drops.framework */; settings = {ATTRIBUTES = (CodeSignOnCopy, RemoveHeadersOnCopy, ); }; };
		0755C206263B5EFA002209FD /* DropTests.swift in Sources */ = {isa = PBXBuildFile; fileRef = 0755C205263B5EFA002209FD /* DropTests.swift */; };
		0785D38326416EF2004D6171 /* WindowViewController.swift in Sources */ = {isa = PBXBuildFile; fileRef = 0785D37D26416DDF004D6171 /* WindowViewController.swift */; };
		0785D38426416EF3004D6171 /* PassthroughWindow.swift in Sources */ = {isa = PBXBuildFile; fileRef = 0785D37926416D84004D6171 /* PassthroughWindow.swift */; };
		0785D38526416EF3004D6171 /* PassthroughView.swift in Sources */ = {isa = PBXBuildFile; fileRef = 0785D37726416D6A004D6171 /* PassthroughView.swift */; };
		0785D38626416EF3004D6171 /* AnimationContext.swift in Sources */ = {isa = PBXBuildFile; fileRef = 0785D37F26416E0E004D6171 /* AnimationContext.swift */; };
		0785D38726416EF3004D6171 /* Drop.swift in Sources */ = {isa = PBXBuildFile; fileRef = 07D8148B26361DC6003F51DB /* Drop.swift */; };
		0785D38826416EF3004D6171 /* Animator.swift in Sources */ = {isa = PBXBuildFile; fileRef = 0785D38126416E3A004D6171 /* Animator.swift */; };
		0785D38926416EF3004D6171 /* DropView.swift in Sources */ = {isa = PBXBuildFile; fileRef = 0755C1E1263A4EF0002209FD /* DropView.swift */; };
		0785D38A26416EF3004D6171 /* Weak.swift in Sources */ = {isa = PBXBuildFile; fileRef = 0785D37B26416DB3004D6171 /* Weak.swift */; };
		0785D38B26416EF3004D6171 /* Drops.swift in Sources */ = {isa = PBXBuildFile; fileRef = 0785D3732640BBF7004D6171 /* Drops.swift */; };
		0785D38D2641F487004D6171 /* Presenter.swift in Sources */ = {isa = PBXBuildFile; fileRef = 0785D38C2641F487004D6171 /* Presenter.swift */; };
		0785D3A4264242AE004D6171 /* WeakTests.swift in Sources */ = {isa = PBXBuildFile; fileRef = 0785D3A12642429A004D6171 /* WeakTests.swift */; };
		0785D3A72642439C004D6171 /* PassthroughViewTests.swift in Sources */ = {isa = PBXBuildFile; fileRef = 0785D3A526424397004D6171 /* PassthroughViewTests.swift */; };
		0785D3A9264244D5004D6171 /* DropViewTests.swift in Sources */ = {isa = PBXBuildFile; fileRef = 0785D3A8264244D5004D6171 /* DropViewTests.swift */; };
		0785D3AB26424A0C004D6171 /* WindowViewControllerTests.swift in Sources */ = {isa = PBXBuildFile; fileRef = 0785D3AA26424A0C004D6171 /* WindowViewControllerTests.swift */; };
		0785D3AD26424DD2004D6171 /* PassthroughWindowTests.swift in Sources */ = {isa = PBXBuildFile; fileRef = 0785D3AC26424DD2004D6171 /* PassthroughWindowTests.swift */; };
		07D8147726361DB7003F51DB /* Drops.framework in Frameworks */ = {isa = PBXBuildFile; fileRef = 07D8146D26361DB7003F51DB /* Drops.framework */; };
		07D814A326361DE9003F51DB /* Assets.xcassets in Resources */ = {isa = PBXBuildFile; fileRef = 07D814A226361DE9003F51DB /* Assets.xcassets */; };
		07D814A626361DE9003F51DB /* LaunchScreen.storyboard in Resources */ = {isa = PBXBuildFile; fileRef = 07D814A426361DE9003F51DB /* LaunchScreen.storyboard */; };
/* End PBXBuildFile section */

/* Begin PBXContainerItemProxy section */
		0755C202263B5D0B002209FD /* PBXContainerItemProxy */ = {
			isa = PBXContainerItemProxy;
			containerPortal = 07D8146426361DB7003F51DB /* Project object */;
			proxyType = 1;
			remoteGlobalIDString = 07D8146C26361DB7003F51DB;
			remoteInfo = Drops;
		};
		07D8147826361DB7003F51DB /* PBXContainerItemProxy */ = {
			isa = PBXContainerItemProxy;
			containerPortal = 07D8146426361DB7003F51DB /* Project object */;
			proxyType = 1;
			remoteGlobalIDString = 07D8146C26361DB7003F51DB;
			remoteInfo = Drops;
		};
/* End PBXContainerItemProxy section */

/* Begin PBXCopyFilesBuildPhase section */
		0755C204263B5D0B002209FD /* Embed Frameworks */ = {
			isa = PBXCopyFilesBuildPhase;
			buildActionMask = 2147483647;
			dstPath = "";
			dstSubfolderSpec = 10;
			files = (
				0755C201263B5D0B002209FD /* Drops.framework in Embed Frameworks */,
			);
			name = "Embed Frameworks";
			runOnlyForDeploymentPostprocessing = 0;
		};
/* End PBXCopyFilesBuildPhase section */

/* Begin PBXFileReference section */
		0755C1E1263A4EF0002209FD /* DropView.swift */ = {isa = PBXFileReference; lastKnownFileType = sourcecode.swift; path = DropView.swift; sourceTree = "<group>"; };
		0755C205263B5EFA002209FD /* DropTests.swift */ = {isa = PBXFileReference; lastKnownFileType = sourcecode.swift; path = DropTests.swift; sourceTree = "<group>"; };
		0785D3732640BBF7004D6171 /* Drops.swift */ = {isa = PBXFileReference; lastKnownFileType = sourcecode.swift; path = Drops.swift; sourceTree = "<group>"; };
		0785D37726416D6A004D6171 /* PassthroughView.swift */ = {isa = PBXFileReference; lastKnownFileType = sourcecode.swift; path = PassthroughView.swift; sourceTree = "<group>"; };
		0785D37926416D84004D6171 /* PassthroughWindow.swift */ = {isa = PBXFileReference; lastKnownFileType = sourcecode.swift; path = PassthroughWindow.swift; sourceTree = "<group>"; };
		0785D37B26416DB3004D6171 /* Weak.swift */ = {isa = PBXFileReference; lastKnownFileType = sourcecode.swift; path = Weak.swift; sourceTree = "<group>"; };
		0785D37D26416DDF004D6171 /* WindowViewController.swift */ = {isa = PBXFileReference; lastKnownFileType = sourcecode.swift; path = WindowViewController.swift; sourceTree = "<group>"; };
		0785D37F26416E0E004D6171 /* AnimationContext.swift */ = {isa = PBXFileReference; lastKnownFileType = sourcecode.swift; path = AnimationContext.swift; sourceTree = "<group>"; };
		0785D38126416E3A004D6171 /* Animator.swift */ = {isa = PBXFileReference; lastKnownFileType = sourcecode.swift; path = Animator.swift; sourceTree = "<group>"; };
		0785D38C2641F487004D6171 /* Presenter.swift */ = {isa = PBXFileReference; lastKnownFileType = sourcecode.swift; path = Presenter.swift; sourceTree = "<group>"; };
		0785D3A12642429A004D6171 /* WeakTests.swift */ = {isa = PBXFileReference; lastKnownFileType = sourcecode.swift; path = WeakTests.swift; sourceTree = "<group>"; };
		0785D3A526424397004D6171 /* PassthroughViewTests.swift */ = {isa = PBXFileReference; lastKnownFileType = sourcecode.swift; path = PassthroughViewTests.swift; sourceTree = "<group>"; };
		0785D3A8264244D5004D6171 /* DropViewTests.swift */ = {isa = PBXFileReference; lastKnownFileType = sourcecode.swift; path = DropViewTests.swift; sourceTree = "<group>"; };
		0785D3AA26424A0C004D6171 /* WindowViewControllerTests.swift */ = {isa = PBXFileReference; lastKnownFileType = sourcecode.swift; path = WindowViewControllerTests.swift; sourceTree = "<group>"; };
		0785D3AC26424DD2004D6171 /* PassthroughWindowTests.swift */ = {isa = PBXFileReference; lastKnownFileType = sourcecode.swift; path = PassthroughWindowTests.swift; sourceTree = "<group>"; };
		07D8146D26361DB7003F51DB /* Drops.framework */ = {isa = PBXFileReference; explicitFileType = wrapper.framework; includeInIndex = 0; path = Drops.framework; sourceTree = BUILT_PRODUCTS_DIR; };
		07D8147126361DB7003F51DB /* Info.plist */ = {isa = PBXFileReference; lastKnownFileType = text.plist.xml; path = Info.plist; sourceTree = "<group>"; };
		07D8147626361DB7003F51DB /* DropsTests.xctest */ = {isa = PBXFileReference; explicitFileType = wrapper.cfbundle; includeInIndex = 0; path = DropsTests.xctest; sourceTree = BUILT_PRODUCTS_DIR; };
		07D8147D26361DB7003F51DB /* Info.plist */ = {isa = PBXFileReference; lastKnownFileType = text.plist.xml; path = Info.plist; sourceTree = "<group>"; };
		07D8148B26361DC6003F51DB /* Drop.swift */ = {isa = PBXFileReference; lastKnownFileType = sourcecode.swift; path = Drop.swift; sourceTree = "<group>"; };
		07D8149726361DE8003F51DB /* Example.app */ = {isa = PBXFileReference; explicitFileType = wrapper.application; includeInIndex = 0; path = Example.app; sourceTree = BUILT_PRODUCTS_DIR; };
		07D8149926361DE8003F51DB /* AppDelegate.swift */ = {isa = PBXFileReference; lastKnownFileType = sourcecode.swift; path = AppDelegate.swift; sourceTree = "<group>"; };
		07D8149D26361DE8003F51DB /* ViewController.swift */ = {isa = PBXFileReference; lastKnownFileType = sourcecode.swift; path = ViewController.swift; sourceTree = "<group>"; };
		07D814A226361DE9003F51DB /* Assets.xcassets */ = {isa = PBXFileReference; lastKnownFileType = folder.assetcatalog; path = Assets.xcassets; sourceTree = "<group>"; };
		07D814A526361DE9003F51DB /* Base */ = {isa = PBXFileReference; lastKnownFileType = file.storyboard; name = Base; path = Base.lproj/LaunchScreen.storyboard; sourceTree = "<group>"; };
		07D814A726361DE9003F51DB /* Info.plist */ = {isa = PBXFileReference; lastKnownFileType = text.plist.xml; path = Info.plist; sourceTree = "<group>"; };
/* End PBXFileReference section */

/* Begin PBXFrameworksBuildPhase section */
		07D8146A26361DB7003F51DB /* Frameworks */ = {
			isa = PBXFrameworksBuildPhase;
			buildActionMask = 2147483647;
			files = (
			);
			runOnlyForDeploymentPostprocessing = 0;
		};
		07D8147326361DB7003F51DB /* Frameworks */ = {
			isa = PBXFrameworksBuildPhase;
			buildActionMask = 2147483647;
			files = (
				07D8147726361DB7003F51DB /* Drops.framework in Frameworks */,
			);
			runOnlyForDeploymentPostprocessing = 0;
		};
		07D8149426361DE8003F51DB /* Frameworks */ = {
			isa = PBXFrameworksBuildPhase;
			buildActionMask = 2147483647;
			files = (
				0755C200263B5D0B002209FD /* Drops.framework in Frameworks */,
			);
			runOnlyForDeploymentPostprocessing = 0;
		};
/* End PBXFrameworksBuildPhase section */

/* Begin PBXGroup section */
		0755C1FF263B5D0B002209FD /* Frameworks */ = {
			isa = PBXGroup;
			children = (
			);
			name = Frameworks;
			sourceTree = "<group>";
		};
		07D8146326361DB7003F51DB = {
			isa = PBXGroup;
			children = (
				07D8146F26361DB7003F51DB /* Sources */,
				07D8147A26361DB7003F51DB /* Tests */,
				07D8149826361DE8003F51DB /* Example */,
				07D8146E26361DB7003F51DB /* Products */,
				0755C1FF263B5D0B002209FD /* Frameworks */,
			);
			sourceTree = "<group>";
		};
		07D8146E26361DB7003F51DB /* Products */ = {
			isa = PBXGroup;
			children = (
				07D8146D26361DB7003F51DB /* Drops.framework */,
				07D8147626361DB7003F51DB /* DropsTests.xctest */,
				07D8149726361DE8003F51DB /* Example.app */,
			);
			name = Products;
			sourceTree = "<group>";
		};
		07D8146F26361DB7003F51DB /* Sources */ = {
			isa = PBXGroup;
			children = (
				07D8147126361DB7003F51DB /* Info.plist */,
				0785D37F26416E0E004D6171 /* AnimationContext.swift */,
				0785D38126416E3A004D6171 /* Animator.swift */,
				07D8148B26361DC6003F51DB /* Drop.swift */,
				0785D3732640BBF7004D6171 /* Drops.swift */,
				0755C1E1263A4EF0002209FD /* DropView.swift */,
				0785D37726416D6A004D6171 /* PassthroughView.swift */,
				0785D37926416D84004D6171 /* PassthroughWindow.swift */,
				0785D38C2641F487004D6171 /* Presenter.swift */,
				0785D37B26416DB3004D6171 /* Weak.swift */,
				0785D37D26416DDF004D6171 /* WindowViewController.swift */,
			);
			path = Sources;
			sourceTree = "<group>";
		};
		07D8147A26361DB7003F51DB /* Tests */ = {
			isa = PBXGroup;
			children = (
				07D8147D26361DB7003F51DB /* Info.plist */,
				0755C205263B5EFA002209FD /* DropTests.swift */,
				0785D3A8264244D5004D6171 /* DropViewTests.swift */,
				0785D3A526424397004D6171 /* PassthroughViewTests.swift */,
				0785D3AC26424DD2004D6171 /* PassthroughWindowTests.swift */,
				0785D3A12642429A004D6171 /* WeakTests.swift */,
				0785D3AA26424A0C004D6171 /* WindowViewControllerTests.swift */,
			);
			path = Tests;
			sourceTree = "<group>";
		};
		07D8149826361DE8003F51DB /* Example */ = {
			isa = PBXGroup;
			children = (
				07D814A726361DE9003F51DB /* Info.plist */,
				07D8149926361DE8003F51DB /* AppDelegate.swift */,
				07D8149D26361DE8003F51DB /* ViewController.swift */,
				07D814A226361DE9003F51DB /* Assets.xcassets */,
				07D814A426361DE9003F51DB /* LaunchScreen.storyboard */,
			);
			path = Example;
			sourceTree = "<group>";
		};
/* End PBXGroup section */

/* Begin PBXHeadersBuildPhase section */
		07D8146826361DB7003F51DB /* Headers */ = {
			isa = PBXHeadersBuildPhase;
			buildActionMask = 2147483647;
			files = (
			);
			runOnlyForDeploymentPostprocessing = 0;
		};
/* End PBXHeadersBuildPhase section */

/* Begin PBXNativeTarget section */
		07D8146C26361DB7003F51DB /* Drops */ = {
			isa = PBXNativeTarget;
			buildConfigurationList = 07D8148126361DB7003F51DB /* Build configuration list for PBXNativeTarget "Drops" */;
			buildPhases = (
				07D8146826361DB7003F51DB /* Headers */,
				07D8146926361DB7003F51DB /* Sources */,
				07D8146A26361DB7003F51DB /* Frameworks */,
				07D8146B26361DB7003F51DB /* Resources */,
				074941E52642ACCD0031D338 /* SwiftLint */,
			);
			buildRules = (
			);
			dependencies = (
			);
			name = Drops;
			productName = Drops;
			productReference = 07D8146D26361DB7003F51DB /* Drops.framework */;
			productType = "com.apple.product-type.framework";
		};
		07D8147526361DB7003F51DB /* DropsTests */ = {
			isa = PBXNativeTarget;
			buildConfigurationList = 07D8148426361DB7003F51DB /* Build configuration list for PBXNativeTarget "DropsTests" */;
			buildPhases = (
				07D8147226361DB7003F51DB /* Sources */,
				07D8147326361DB7003F51DB /* Frameworks */,
				07D8147426361DB7003F51DB /* Resources */,
				074941E42642ACC30031D338 /* SwiftLint */,
			);
			buildRules = (
			);
			dependencies = (
				07D8147926361DB7003F51DB /* PBXTargetDependency */,
			);
			name = DropsTests;
			productName = DropsTests;
			productReference = 07D8147626361DB7003F51DB /* DropsTests.xctest */;
			productType = "com.apple.product-type.bundle.unit-test";
		};
		07D8149626361DE8003F51DB /* Example */ = {
			isa = PBXNativeTarget;
			buildConfigurationList = 07D814A826361DE9003F51DB /* Build configuration list for PBXNativeTarget "Example" */;
			buildPhases = (
				07D8149326361DE8003F51DB /* Sources */,
				07D8149426361DE8003F51DB /* Frameworks */,
				07D8149526361DE8003F51DB /* Resources */,
				0755C1E7263B518A002209FD /* SwiftLint */,
				0755C204263B5D0B002209FD /* Embed Frameworks */,
			);
			buildRules = (
			);
			dependencies = (
				0755C203263B5D0B002209FD /* PBXTargetDependency */,
			);
			name = Example;
			productName = Example;
			productReference = 07D8149726361DE8003F51DB /* Example.app */;
			productType = "com.apple.product-type.application";
		};
/* End PBXNativeTarget section */

/* Begin PBXProject section */
		07D8146426361DB7003F51DB /* Project object */ = {
			isa = PBXProject;
			attributes = {
				LastSwiftUpdateCheck = 1250;
				LastUpgradeCheck = 1240;
				TargetAttributes = {
					07D8146C26361DB7003F51DB = {
						CreatedOnToolsVersion = 12.4;
						LastSwiftMigration = 1240;
					};
					07D8147526361DB7003F51DB = {
						CreatedOnToolsVersion = 12.4;
					};
					07D8149626361DE8003F51DB = {
						CreatedOnToolsVersion = 12.4;
					};
				};
			};
			buildConfigurationList = 07D8146726361DB7003F51DB /* Build configuration list for PBXProject "Drops" */;
			compatibilityVersion = "Xcode 9.3";
			developmentRegion = en;
			hasScannedForEncodings = 0;
			knownRegions = (
				en,
				Base,
			);
			mainGroup = 07D8146326361DB7003F51DB;
			productRefGroup = 07D8146E26361DB7003F51DB /* Products */;
			projectDirPath = "";
			projectRoot = "";
			targets = (
				07D8146C26361DB7003F51DB /* Drops */,
				07D8147526361DB7003F51DB /* DropsTests */,
				07D8149626361DE8003F51DB /* Example */,
			);
		};
/* End PBXProject section */

/* Begin PBXResourcesBuildPhase section */
		07D8146B26361DB7003F51DB /* Resources */ = {
			isa = PBXResourcesBuildPhase;
			buildActionMask = 2147483647;
			files = (
			);
			runOnlyForDeploymentPostprocessing = 0;
		};
		07D8147426361DB7003F51DB /* Resources */ = {
			isa = PBXResourcesBuildPhase;
			buildActionMask = 2147483647;
			files = (
			);
			runOnlyForDeploymentPostprocessing = 0;
		};
		07D8149526361DE8003F51DB /* Resources */ = {
			isa = PBXResourcesBuildPhase;
			buildActionMask = 2147483647;
			files = (
				07D814A626361DE9003F51DB /* LaunchScreen.storyboard in Resources */,
				07D814A326361DE9003F51DB /* Assets.xcassets in Resources */,
			);
			runOnlyForDeploymentPostprocessing = 0;
		};
/* End PBXResourcesBuildPhase section */

/* Begin PBXShellScriptBuildPhase section */
		074941E42642ACC30031D338 /* SwiftLint */ = {
			isa = PBXShellScriptBuildPhase;
			buildActionMask = 2147483647;
			files = (
			);
			inputFileListPaths = (
			);
			inputPaths = (
			);
			name = SwiftLint;
			outputFileListPaths = (
			);
			outputPaths = (
			);
			runOnlyForDeploymentPostprocessing = 0;
			shellPath = /bin/sh;
			shellScript = "if which swiftlint >/dev/null; then\n  swiftlint\nelse\n  echo \"warning: SwiftLint not installed, download from https://github.com/realm/SwiftLint\"\nfi\n";
		};
		074941E52642ACCD0031D338 /* SwiftLint */ = {
			isa = PBXShellScriptBuildPhase;
			buildActionMask = 2147483647;
			files = (
			);
			inputFileListPaths = (
			);
			inputPaths = (
			);
			name = SwiftLint;
			outputFileListPaths = (
			);
			outputPaths = (
			);
			runOnlyForDeploymentPostprocessing = 0;
			shellPath = /bin/sh;
			shellScript = "if which swiftlint >/dev/null; then\n  swiftlint\nelse\n  echo \"warning: SwiftLint not installed, download from https://github.com/realm/SwiftLint\"\nfi\n";
		};
		0755C1E7263B518A002209FD /* SwiftLint */ = {
			isa = PBXShellScriptBuildPhase;
			buildActionMask = 2147483647;
			files = (
			);
			inputFileListPaths = (
			);
			inputPaths = (
			);
			name = SwiftLint;
			outputFileListPaths = (
			);
			outputPaths = (
			);
			runOnlyForDeploymentPostprocessing = 0;
			shellPath = /bin/sh;
			shellScript = "if which swiftlint >/dev/null; then\n  swiftlint\nelse\n  echo \"warning: SwiftLint not installed, download from https://github.com/realm/SwiftLint\"\nfi\n";
		};
/* End PBXShellScriptBuildPhase section */

/* Begin PBXSourcesBuildPhase section */
		07D8146926361DB7003F51DB /* Sources */ = {
			isa = PBXSourcesBuildPhase;
			buildActionMask = 2147483647;
			files = (
				0785D38426416EF3004D6171 /* PassthroughWindow.swift in Sources */,
				0785D38A26416EF3004D6171 /* Weak.swift in Sources */,
				0785D38B26416EF3004D6171 /* Drops.swift in Sources */,
				0785D38526416EF3004D6171 /* PassthroughView.swift in Sources */,
				0785D38D2641F487004D6171 /* Presenter.swift in Sources */,
				0785D38926416EF3004D6171 /* DropView.swift in Sources */,
				0785D38326416EF2004D6171 /* WindowViewController.swift in Sources */,
				0785D38726416EF3004D6171 /* Drop.swift in Sources */,
				0785D38826416EF3004D6171 /* Animator.swift in Sources */,
				0785D38626416EF3004D6171 /* AnimationContext.swift in Sources */,
			);
			runOnlyForDeploymentPostprocessing = 0;
		};
		07D8147226361DB7003F51DB /* Sources */ = {
			isa = PBXSourcesBuildPhase;
			buildActionMask = 2147483647;
			files = (
				0785D3A72642439C004D6171 /* PassthroughViewTests.swift in Sources */,
				0785D3A9264244D5004D6171 /* DropViewTests.swift in Sources */,
				0755C206263B5EFA002209FD /* DropTests.swift in Sources */,
				0785D3AB26424A0C004D6171 /* WindowViewControllerTests.swift in Sources */,
				0785D3AD26424DD2004D6171 /* PassthroughWindowTests.swift in Sources */,
				0785D3A4264242AE004D6171 /* WeakTests.swift in Sources */,
			);
			runOnlyForDeploymentPostprocessing = 0;
		};
		07D8149326361DE8003F51DB /* Sources */ = {
			isa = PBXSourcesBuildPhase;
			buildActionMask = 2147483647;
			files = (
				0755C1DE263A29A9002209FD /* AppDelegate.swift in Sources */,
				0755C1DC263A29A9002209FD /* ViewController.swift in Sources */,
			);
			runOnlyForDeploymentPostprocessing = 0;
		};
/* End PBXSourcesBuildPhase section */

/* Begin PBXTargetDependency section */
		0755C203263B5D0B002209FD /* PBXTargetDependency */ = {
			isa = PBXTargetDependency;
			target = 07D8146C26361DB7003F51DB /* Drops */;
			targetProxy = 0755C202263B5D0B002209FD /* PBXContainerItemProxy */;
		};
		07D8147926361DB7003F51DB /* PBXTargetDependency */ = {
			isa = PBXTargetDependency;
			target = 07D8146C26361DB7003F51DB /* Drops */;
			targetProxy = 07D8147826361DB7003F51DB /* PBXContainerItemProxy */;
		};
/* End PBXTargetDependency section */

/* Begin PBXVariantGroup section */
		07D814A426361DE9003F51DB /* LaunchScreen.storyboard */ = {
			isa = PBXVariantGroup;
			children = (
				07D814A526361DE9003F51DB /* Base */,
			);
			name = LaunchScreen.storyboard;
			sourceTree = "<group>";
		};
/* End PBXVariantGroup section */

/* Begin XCBuildConfiguration section */
		07D8147F26361DB7003F51DB /* Debug */ = {
			isa = XCBuildConfiguration;
			buildSettings = {
				ALWAYS_SEARCH_USER_PATHS = NO;
				CLANG_ANALYZER_NONNULL = YES;
				CLANG_ANALYZER_NUMBER_OBJECT_CONVERSION = YES_AGGRESSIVE;
				CLANG_CXX_LANGUAGE_STANDARD = "gnu++14";
				CLANG_CXX_LIBRARY = "libc++";
				CLANG_ENABLE_MODULES = YES;
				CLANG_ENABLE_OBJC_ARC = YES;
				CLANG_ENABLE_OBJC_WEAK = YES;
				CLANG_WARN_BLOCK_CAPTURE_AUTORELEASING = YES;
				CLANG_WARN_BOOL_CONVERSION = YES;
				CLANG_WARN_COMMA = YES;
				CLANG_WARN_CONSTANT_CONVERSION = YES;
				CLANG_WARN_DEPRECATED_OBJC_IMPLEMENTATIONS = YES;
				CLANG_WARN_DIRECT_OBJC_ISA_USAGE = YES_ERROR;
				CLANG_WARN_DOCUMENTATION_COMMENTS = YES;
				CLANG_WARN_EMPTY_BODY = YES;
				CLANG_WARN_ENUM_CONVERSION = YES;
				CLANG_WARN_INFINITE_RECURSION = YES;
				CLANG_WARN_INT_CONVERSION = YES;
				CLANG_WARN_NON_LITERAL_NULL_CONVERSION = YES;
				CLANG_WARN_OBJC_IMPLICIT_RETAIN_SELF = YES;
				CLANG_WARN_OBJC_LITERAL_CONVERSION = YES;
				CLANG_WARN_OBJC_ROOT_CLASS = YES_ERROR;
				CLANG_WARN_QUOTED_INCLUDE_IN_FRAMEWORK_HEADER = YES;
				CLANG_WARN_RANGE_LOOP_ANALYSIS = YES;
				CLANG_WARN_STRICT_PROTOTYPES = YES;
				CLANG_WARN_SUSPICIOUS_MOVE = YES;
				CLANG_WARN_UNGUARDED_AVAILABILITY = YES_AGGRESSIVE;
				CLANG_WARN_UNREACHABLE_CODE = YES;
				CLANG_WARN__DUPLICATE_METHOD_MATCH = YES;
				COPY_PHASE_STRIP = NO;
				CURRENT_PROJECT_VERSION = 1;
				DEBUG_INFORMATION_FORMAT = dwarf;
				ENABLE_STRICT_OBJC_MSGSEND = YES;
				ENABLE_TESTABILITY = YES;
				GCC_C_LANGUAGE_STANDARD = gnu11;
				GCC_DYNAMIC_NO_PIC = NO;
				GCC_NO_COMMON_BLOCKS = YES;
				GCC_OPTIMIZATION_LEVEL = 0;
				GCC_PREPROCESSOR_DEFINITIONS = (
					"DEBUG=1",
					"$(inherited)",
				);
				GCC_WARN_64_TO_32_BIT_CONVERSION = YES;
				GCC_WARN_ABOUT_RETURN_TYPE = YES_ERROR;
				GCC_WARN_UNDECLARED_SELECTOR = YES;
				GCC_WARN_UNINITIALIZED_AUTOS = YES_AGGRESSIVE;
				GCC_WARN_UNUSED_FUNCTION = YES;
				GCC_WARN_UNUSED_VARIABLE = YES;
				IPHONEOS_DEPLOYMENT_TARGET = 11.0;
				MTL_ENABLE_DEBUG_INFO = INCLUDE_SOURCE;
				MTL_FAST_MATH = YES;
				ONLY_ACTIVE_ARCH = YES;
				SDKROOT = iphoneos;
				SWIFT_ACTIVE_COMPILATION_CONDITIONS = DEBUG;
				SWIFT_OPTIMIZATION_LEVEL = "-Onone";
				VERSIONING_SYSTEM = "apple-generic";
				VERSION_INFO_PREFIX = "";
			};
			name = Debug;
		};
		07D8148026361DB7003F51DB /* Release */ = {
			isa = XCBuildConfiguration;
			buildSettings = {
				ALWAYS_SEARCH_USER_PATHS = NO;
				CLANG_ANALYZER_NONNULL = YES;
				CLANG_ANALYZER_NUMBER_OBJECT_CONVERSION = YES_AGGRESSIVE;
				CLANG_CXX_LANGUAGE_STANDARD = "gnu++14";
				CLANG_CXX_LIBRARY = "libc++";
				CLANG_ENABLE_MODULES = YES;
				CLANG_ENABLE_OBJC_ARC = YES;
				CLANG_ENABLE_OBJC_WEAK = YES;
				CLANG_WARN_BLOCK_CAPTURE_AUTORELEASING = YES;
				CLANG_WARN_BOOL_CONVERSION = YES;
				CLANG_WARN_COMMA = YES;
				CLANG_WARN_CONSTANT_CONVERSION = YES;
				CLANG_WARN_DEPRECATED_OBJC_IMPLEMENTATIONS = YES;
				CLANG_WARN_DIRECT_OBJC_ISA_USAGE = YES_ERROR;
				CLANG_WARN_DOCUMENTATION_COMMENTS = YES;
				CLANG_WARN_EMPTY_BODY = YES;
				CLANG_WARN_ENUM_CONVERSION = YES;
				CLANG_WARN_INFINITE_RECURSION = YES;
				CLANG_WARN_INT_CONVERSION = YES;
				CLANG_WARN_NON_LITERAL_NULL_CONVERSION = YES;
				CLANG_WARN_OBJC_IMPLICIT_RETAIN_SELF = YES;
				CLANG_WARN_OBJC_LITERAL_CONVERSION = YES;
				CLANG_WARN_OBJC_ROOT_CLASS = YES_ERROR;
				CLANG_WARN_QUOTED_INCLUDE_IN_FRAMEWORK_HEADER = YES;
				CLANG_WARN_RANGE_LOOP_ANALYSIS = YES;
				CLANG_WARN_STRICT_PROTOTYPES = YES;
				CLANG_WARN_SUSPICIOUS_MOVE = YES;
				CLANG_WARN_UNGUARDED_AVAILABILITY = YES_AGGRESSIVE;
				CLANG_WARN_UNREACHABLE_CODE = YES;
				CLANG_WARN__DUPLICATE_METHOD_MATCH = YES;
				COPY_PHASE_STRIP = NO;
				CURRENT_PROJECT_VERSION = 1;
				DEBUG_INFORMATION_FORMAT = "dwarf-with-dsym";
				ENABLE_NS_ASSERTIONS = NO;
				ENABLE_STRICT_OBJC_MSGSEND = YES;
				GCC_C_LANGUAGE_STANDARD = gnu11;
				GCC_NO_COMMON_BLOCKS = YES;
				GCC_WARN_64_TO_32_BIT_CONVERSION = YES;
				GCC_WARN_ABOUT_RETURN_TYPE = YES_ERROR;
				GCC_WARN_UNDECLARED_SELECTOR = YES;
				GCC_WARN_UNINITIALIZED_AUTOS = YES_AGGRESSIVE;
				GCC_WARN_UNUSED_FUNCTION = YES;
				GCC_WARN_UNUSED_VARIABLE = YES;
				IPHONEOS_DEPLOYMENT_TARGET = 11.0;
				MTL_ENABLE_DEBUG_INFO = NO;
				MTL_FAST_MATH = YES;
				SDKROOT = iphoneos;
				SWIFT_COMPILATION_MODE = wholemodule;
				SWIFT_OPTIMIZATION_LEVEL = "-O";
				VALIDATE_PRODUCT = YES;
				VERSIONING_SYSTEM = "apple-generic";
				VERSION_INFO_PREFIX = "";
			};
			name = Release;
		};
		07D8148226361DB7003F51DB /* Debug */ = {
			isa = XCBuildConfiguration;
			buildSettings = {
				CLANG_ENABLE_MODULES = YES;
				CODE_SIGN_STYLE = Automatic;
				DEFINES_MODULE = YES;
				DEVELOPMENT_TEAM = C3VKVFB3SA;
				DYLIB_COMPATIBILITY_VERSION = 1;
				DYLIB_CURRENT_VERSION = 1;
				DYLIB_INSTALL_NAME_BASE = "@rpath";
				INFOPLIST_FILE = Sources/Info.plist;
				INSTALL_PATH = "$(LOCAL_LIBRARY_DIR)/Frameworks";
				IPHONEOS_DEPLOYMENT_TARGET = 11.0;
				LD_RUNPATH_SEARCH_PATHS = (
					"$(inherited)",
					"@executable_path/Frameworks",
					"@loader_path/Frameworks",
				);
				MARKETING_VERSION = 0.3.0;
				PRODUCT_BUNDLE_IDENTIFIER = com.omaralbeik.drops;
				PRODUCT_NAME = "$(TARGET_NAME:c99extidentifier)";
				SKIP_INSTALL = YES;
				SUPPORTS_MACCATALYST = NO;
				SWIFT_OPTIMIZATION_LEVEL = "-Onone";
				SWIFT_VERSION = 5.0;
				TARGETED_DEVICE_FAMILY = "1,2";
			};
			name = Debug;
		};
		07D8148326361DB7003F51DB /* Release */ = {
			isa = XCBuildConfiguration;
			buildSettings = {
				CLANG_ENABLE_MODULES = YES;
				CODE_SIGN_STYLE = Automatic;
				DEFINES_MODULE = YES;
				DEVELOPMENT_TEAM = C3VKVFB3SA;
				DYLIB_COMPATIBILITY_VERSION = 1;
				DYLIB_CURRENT_VERSION = 1;
				DYLIB_INSTALL_NAME_BASE = "@rpath";
				INFOPLIST_FILE = Sources/Info.plist;
				INSTALL_PATH = "$(LOCAL_LIBRARY_DIR)/Frameworks";
				IPHONEOS_DEPLOYMENT_TARGET = 11.0;
				LD_RUNPATH_SEARCH_PATHS = (
					"$(inherited)",
					"@executable_path/Frameworks",
					"@loader_path/Frameworks",
				);
				MARKETING_VERSION = 0.3.0;
				PRODUCT_BUNDLE_IDENTIFIER = com.omaralbeik.drops;
				PRODUCT_NAME = "$(TARGET_NAME:c99extidentifier)";
				SKIP_INSTALL = YES;
				SUPPORTS_MACCATALYST = NO;
				SWIFT_VERSION = 5.0;
				TARGETED_DEVICE_FAMILY = "1,2";
			};
			name = Release;
		};
		07D8148526361DB7003F51DB /* Debug */ = {
			isa = XCBuildConfiguration;
			buildSettings = {
				ALWAYS_EMBED_SWIFT_STANDARD_LIBRARIES = YES;
				CODE_SIGN_STYLE = Automatic;
				DEVELOPMENT_TEAM = C3VKVFB3SA;
				INFOPLIST_FILE = Tests/Info.plist;
				LD_RUNPATH_SEARCH_PATHS = (
					"$(inherited)",
					"@executable_path/Frameworks",
					"@loader_path/Frameworks",
				);
				PRODUCT_BUNDLE_IDENTIFIER = com.omaralbeik.DropsTests;
				PRODUCT_NAME = "$(TARGET_NAME)";
				SWIFT_VERSION = 5.0;
				TARGETED_DEVICE_FAMILY = "1,2";
			};
			name = Debug;
		};
		07D8148626361DB7003F51DB /* Release */ = {
			isa = XCBuildConfiguration;
			buildSettings = {
				ALWAYS_EMBED_SWIFT_STANDARD_LIBRARIES = YES;
				CODE_SIGN_STYLE = Automatic;
				DEVELOPMENT_TEAM = C3VKVFB3SA;
				INFOPLIST_FILE = Tests/Info.plist;
				LD_RUNPATH_SEARCH_PATHS = (
					"$(inherited)",
					"@executable_path/Frameworks",
					"@loader_path/Frameworks",
				);
				PRODUCT_BUNDLE_IDENTIFIER = com.omaralbeik.DropsTests;
				PRODUCT_NAME = "$(TARGET_NAME)";
				SWIFT_VERSION = 5.0;
				TARGETED_DEVICE_FAMILY = "1,2";
			};
			name = Release;
		};
		07D814A926361DE9003F51DB /* Debug */ = {
			isa = XCBuildConfiguration;
			buildSettings = {
				ASSETCATALOG_COMPILER_APPICON_NAME = AppIcon;
				ASSETCATALOG_COMPILER_GLOBAL_ACCENT_COLOR_NAME = AccentColor;
				CODE_SIGN_STYLE = Automatic;
				DEVELOPMENT_TEAM = C3VKVFB3SA;
				INFOPLIST_FILE = Example/Info.plist;
				IPHONEOS_DEPLOYMENT_TARGET = 13.0;
				LD_RUNPATH_SEARCH_PATHS = (
					"$(inherited)",
					"@executable_path/Frameworks",
				);
				MARKETING_VERSION = 1.0.0;
				PRODUCT_BUNDLE_IDENTIFIER = com.omaralbeik.drops.example;
				PRODUCT_NAME = "$(TARGET_NAME)";
				SWIFT_VERSION = 5.0;
				TARGETED_DEVICE_FAMILY = "1,2";
			};
			name = Debug;
		};
		07D814AA26361DE9003F51DB /* Release */ = {
			isa = XCBuildConfiguration;
			buildSettings = {
				ASSETCATALOG_COMPILER_APPICON_NAME = AppIcon;
				ASSETCATALOG_COMPILER_GLOBAL_ACCENT_COLOR_NAME = AccentColor;
				CODE_SIGN_STYLE = Automatic;
				DEVELOPMENT_TEAM = C3VKVFB3SA;
				INFOPLIST_FILE = Example/Info.plist;
				IPHONEOS_DEPLOYMENT_TARGET = 13.0;
				LD_RUNPATH_SEARCH_PATHS = (
					"$(inherited)",
					"@executable_path/Frameworks",
				);
				MARKETING_VERSION = 1.0.0;
				PRODUCT_BUNDLE_IDENTIFIER = com.omaralbeik.drops.example;
				PRODUCT_NAME = "$(TARGET_NAME)";
				SWIFT_VERSION = 5.0;
				TARGETED_DEVICE_FAMILY = "1,2";
			};
			name = Release;
		};
/* End XCBuildConfiguration section */

/* Begin XCConfigurationList section */
		07D8146726361DB7003F51DB /* Build configuration list for PBXProject "Drops" */ = {
			isa = XCConfigurationList;
			buildConfigurations = (
				07D8147F26361DB7003F51DB /* Debug */,
				07D8148026361DB7003F51DB /* Release */,
			);
			defaultConfigurationIsVisible = 0;
			defaultConfigurationName = Release;
		};
		07D8148126361DB7003F51DB /* Build configuration list for PBXNativeTarget "Drops" */ = {
			isa = XCConfigurationList;
			buildConfigurations = (
				07D8148226361DB7003F51DB /* Debug */,
				07D8148326361DB7003F51DB /* Release */,
			);
			defaultConfigurationIsVisible = 0;
			defaultConfigurationName = Release;
		};
		07D8148426361DB7003F51DB /* Build configuration list for PBXNativeTarget "DropsTests" */ = {
			isa = XCConfigurationList;
			buildConfigurations = (
				07D8148526361DB7003F51DB /* Debug */,
				07D8148626361DB7003F51DB /* Release */,
			);
			defaultConfigurationIsVisible = 0;
			defaultConfigurationName = Release;
		};
		07D814A826361DE9003F51DB /* Build configuration list for PBXNativeTarget "Example" */ = {
			isa = XCConfigurationList;
			buildConfigurations = (
				07D814A926361DE9003F51DB /* Debug */,
				07D814AA26361DE9003F51DB /* Release */,
			);
			defaultConfigurationIsVisible = 0;
			defaultConfigurationName = Release;
		};
/* End XCConfigurationList section */
	};
	rootObject = 07D8146426361DB7003F51DB /* Project object */;
}
